// !$*UTF8*$!
{
	archiveVersion = 1;
	classes = {
	};
	objectVersion = 50;
	objects = {

/* Begin PBXBuildFile section */
		047E5984224FC5940016AF3D /* AppDelegate.swift in Sources */ = {isa = PBXBuildFile; fileRef = 047E5983224FC5940016AF3D /* AppDelegate.swift */; };
		047E5986224FC5940016AF3D /* ViewController.swift in Sources */ = {isa = PBXBuildFile; fileRef = 047E5985224FC5940016AF3D /* ViewController.swift */; };
		047E5989224FC5940016AF3D /* Main.storyboard in Resources */ = {isa = PBXBuildFile; fileRef = 047E5987224FC5940016AF3D /* Main.storyboard */; };
		047E598C224FC5940016AF3D /* CoreDataApp.xcdatamodeld in Sources */ = {isa = PBXBuildFile; fileRef = 047E598A224FC5940016AF3D /* CoreDataApp.xcdatamodeld */; };
		047E598E224FC5990016AF3D /* Assets.xcassets in Resources */ = {isa = PBXBuildFile; fileRef = 047E598D224FC5990016AF3D /* Assets.xcassets */; };
		047E5991224FC5990016AF3D /* LaunchScreen.storyboard in Resources */ = {isa = PBXBuildFile; fileRef = 047E598F224FC5990016AF3D /* LaunchScreen.storyboard */; };
		047E599C224FC5990016AF3D /* CoreDataAppTests.swift in Sources */ = {isa = PBXBuildFile; fileRef = 047E599B224FC5990016AF3D /* CoreDataAppTests.swift */; };
		047E59A7224FC5990016AF3D /* CoreDataAppUITests.swift in Sources */ = {isa = PBXBuildFile; fileRef = 047E59A6224FC5990016AF3D /* CoreDataAppUITests.swift */; };
		047E59B5224FCF570016AF3D /* AddUpdateVC.swift in Sources */ = {isa = PBXBuildFile; fileRef = 047E59B4224FCF570016AF3D /* AddUpdateVC.swift */; };
		0492A743224FD59E00CABA47 /* CoreData.framework in Frameworks */ = {isa = PBXBuildFile; fileRef = 0492A742224FD59E00CABA47 /* CoreData.framework */; };
/* End PBXBuildFile section */

/* Begin PBXContainerItemProxy section */
		047E5998224FC5990016AF3D /* PBXContainerItemProxy */ = {
			isa = PBXContainerItemProxy;
			containerPortal = 047E5978224FC5940016AF3D /* Project object */;
			proxyType = 1;
			remoteGlobalIDString = 047E597F224FC5940016AF3D;
			remoteInfo = CoreDataApp;
		};
		047E59A3224FC5990016AF3D /* PBXContainerItemProxy */ = {
			isa = PBXContainerItemProxy;
			containerPortal = 047E5978224FC5940016AF3D /* Project object */;
			proxyType = 1;
			remoteGlobalIDString = 047E597F224FC5940016AF3D;
			remoteInfo = CoreDataApp;
		};
/* End PBXContainerItemProxy section */

/* Begin PBXFileReference section */
		047E5980224FC5940016AF3D /* CoreDataApp.app */ = {isa = PBXFileReference; explicitFileType = wrapper.application; includeInIndex = 0; path = CoreDataApp.app; sourceTree = BUILT_PRODUCTS_DIR; };
		047E5983224FC5940016AF3D /* AppDelegate.swift */ = {isa = PBXFileReference; lastKnownFileType = sourcecode.swift; path = AppDelegate.swift; sourceTree = "<group>"; };
		047E5985224FC5940016AF3D /* ViewController.swift */ = {isa = PBXFileReference; lastKnownFileType = sourcecode.swift; path = ViewController.swift; sourceTree = "<group>"; };
		047E5988224FC5940016AF3D /* Base */ = {isa = PBXFileReference; lastKnownFileType = file.storyboard; name = Base; path = Base.lproj/Main.storyboard; sourceTree = "<group>"; };
		047E598B224FC5940016AF3D /* CoreDataApp.xcdatamodel */ = {isa = PBXFileReference; lastKnownFileType = wrapper.xcdatamodel; path = CoreDataApp.xcdatamodel; sourceTree = "<group>"; };
		047E598D224FC5990016AF3D /* Assets.xcassets */ = {isa = PBXFileReference; lastKnownFileType = folder.assetcatalog; path = Assets.xcassets; sourceTree = "<group>"; };
		047E5990224FC5990016AF3D /* Base */ = {isa = PBXFileReference; lastKnownFileType = file.storyboard; name = Base; path = Base.lproj/LaunchScreen.storyboard; sourceTree = "<group>"; };
		047E5992224FC5990016AF3D /* Info.plist */ = {isa = PBXFileReference; lastKnownFileType = text.plist.xml; path = Info.plist; sourceTree = "<group>"; };
		047E5997224FC5990016AF3D /* CoreDataAppTests.xctest */ = {isa = PBXFileReference; explicitFileType = wrapper.cfbundle; includeInIndex = 0; path = CoreDataAppTests.xctest; sourceTree = BUILT_PRODUCTS_DIR; };
		047E599B224FC5990016AF3D /* CoreDataAppTests.swift */ = {isa = PBXFileReference; lastKnownFileType = sourcecode.swift; path = CoreDataAppTests.swift; sourceTree = "<group>"; };
		047E599D224FC5990016AF3D /* Info.plist */ = {isa = PBXFileReference; lastKnownFileType = text.plist.xml; path = Info.plist; sourceTree = "<group>"; };
		047E59A2224FC5990016AF3D /* CoreDataAppUITests.xctest */ = {isa = PBXFileReference; explicitFileType = wrapper.cfbundle; includeInIndex = 0; path = CoreDataAppUITests.xctest; sourceTree = BUILT_PRODUCTS_DIR; };
		047E59A6224FC5990016AF3D /* CoreDataAppUITests.swift */ = {isa = PBXFileReference; lastKnownFileType = sourcecode.swift; path = CoreDataAppUITests.swift; sourceTree = "<group>"; };
		047E59A8224FC5990016AF3D /* Info.plist */ = {isa = PBXFileReference; lastKnownFileType = text.plist.xml; path = Info.plist; sourceTree = "<group>"; };
		047E59B4224FCF570016AF3D /* AddUpdateVC.swift */ = {isa = PBXFileReference; lastKnownFileType = sourcecode.swift; path = AddUpdateVC.swift; sourceTree = "<group>"; };
		0492A742224FD59E00CABA47 /* CoreData.framework */ = {isa = PBXFileReference; lastKnownFileType = wrapper.framework; name = CoreData.framework; path = System/Library/Frameworks/CoreData.framework; sourceTree = SDKROOT; };
/* End PBXFileReference section */

/* Begin PBXFrameworksBuildPhase section */
		047E597D224FC5940016AF3D /* Frameworks */ = {
			isa = PBXFrameworksBuildPhase;
			buildActionMask = 2147483647;
			files = (
				0492A743224FD59E00CABA47 /* CoreData.framework in Frameworks */,
			);
			runOnlyForDeploymentPostprocessing = 0;
		};
		047E5994224FC5990016AF3D /* Frameworks */ = {
			isa = PBXFrameworksBuildPhase;
			buildActionMask = 2147483647;
			files = (
			);
			runOnlyForDeploymentPostprocessing = 0;
		};
		047E599F224FC5990016AF3D /* Frameworks */ = {
			isa = PBXFrameworksBuildPhase;
			buildActionMask = 2147483647;
			files = (
			);
			runOnlyForDeploymentPostprocessing = 0;
		};
/* End PBXFrameworksBuildPhase section */

/* Begin PBXGroup section */
		047E5977224FC5940016AF3D = {
			isa = PBXGroup;
			children = (
				047E5982224FC5940016AF3D /* CoreDataApp */,
				047E599A224FC5990016AF3D /* CoreDataAppTests */,
				047E59A5224FC5990016AF3D /* CoreDataAppUITests */,
				047E5981224FC5940016AF3D /* Products */,
				0492A741224FD59D00CABA47 /* Frameworks */,
			);
			sourceTree = "<group>";
		};
		047E5981224FC5940016AF3D /* Products */ = {
			isa = PBXGroup;
			children = (
				047E5980224FC5940016AF3D /* CoreDataApp.app */,
				047E5997224FC5990016AF3D /* CoreDataAppTests.xctest */,
				047E59A2224FC5990016AF3D /* CoreDataAppUITests.xctest */,
			);
			name = Products;
			sourceTree = "<group>";
		};
		047E5982224FC5940016AF3D /* CoreDataApp */ = {
			isa = PBXGroup;
			children = (
				047E5983224FC5940016AF3D /* AppDelegate.swift */,
				047E5985224FC5940016AF3D /* ViewController.swift */,
				047E59B4224FCF570016AF3D /* AddUpdateVC.swift */,
				047E5987224FC5940016AF3D /* Main.storyboard */,
				047E598D224FC5990016AF3D /* Assets.xcassets */,
				047E598F224FC5990016AF3D /* LaunchScreen.storyboard */,
				047E5992224FC5990016AF3D /* Info.plist */,
				047E598A224FC5940016AF3D /* CoreDataApp.xcdatamodeld */,
			);
			path = CoreDataApp;
			sourceTree = "<group>";
		};
		047E599A224FC5990016AF3D /* CoreDataAppTests */ = {
			isa = PBXGroup;
			children = (
				047E599B224FC5990016AF3D /* CoreDataAppTests.swift */,
				047E599D224FC5990016AF3D /* Info.plist */,
			);
			path = CoreDataAppTests;
			sourceTree = "<group>";
		};
		047E59A5224FC5990016AF3D /* CoreDataAppUITests */ = {
			isa = PBXGroup;
			children = (
				047E59A6224FC5990016AF3D /* CoreDataAppUITests.swift */,
				047E59A8224FC5990016AF3D /* Info.plist */,
			);
			path = CoreDataAppUITests;
			sourceTree = "<group>";
		};
		0492A741224FD59D00CABA47 /* Frameworks */ = {
			isa = PBXGroup;
			children = (
				0492A742224FD59E00CABA47 /* CoreData.framework */,
			);
			name = Frameworks;
			sourceTree = "<group>";
		};
/* End PBXGroup section */

/* Begin PBXNativeTarget section */
		047E597F224FC5940016AF3D /* CoreDataApp */ = {
			isa = PBXNativeTarget;
			buildConfigurationList = 047E59AB224FC5990016AF3D /* Build configuration list for PBXNativeTarget "CoreDataApp" */;
			buildPhases = (
				047E597C224FC5940016AF3D /* Sources */,
				047E597D224FC5940016AF3D /* Frameworks */,
				047E597E224FC5940016AF3D /* Resources */,
			);
			buildRules = (
			);
			dependencies = (
			);
			name = CoreDataApp;
			productName = CoreDataApp;
			productReference = 047E5980224FC5940016AF3D /* CoreDataApp.app */;
			productType = "com.apple.product-type.application";
		};
		047E5996224FC5990016AF3D /* CoreDataAppTests */ = {
			isa = PBXNativeTarget;
			buildConfigurationList = 047E59AE224FC5990016AF3D /* Build configuration list for PBXNativeTarget "CoreDataAppTests" */;
			buildPhases = (
				047E5993224FC5990016AF3D /* Sources */,
				047E5994224FC5990016AF3D /* Frameworks */,
				047E5995224FC5990016AF3D /* Resources */,
			);
			buildRules = (
			);
			dependencies = (
				047E5999224FC5990016AF3D /* PBXTargetDependency */,
			);
			name = CoreDataAppTests;
			productName = CoreDataAppTests;
			productReference = 047E5997224FC5990016AF3D /* CoreDataAppTests.xctest */;
			productType = "com.apple.product-type.bundle.unit-test";
		};
		047E59A1224FC5990016AF3D /* CoreDataAppUITests */ = {
			isa = PBXNativeTarget;
			buildConfigurationList = 047E59B1224FC5990016AF3D /* Build configuration list for PBXNativeTarget "CoreDataAppUITests" */;
			buildPhases = (
				047E599E224FC5990016AF3D /* Sources */,
				047E599F224FC5990016AF3D /* Frameworks */,
				047E59A0224FC5990016AF3D /* Resources */,
			);
			buildRules = (
			);
			dependencies = (
				047E59A4224FC5990016AF3D /* PBXTargetDependency */,
			);
			name = CoreDataAppUITests;
			productName = CoreDataAppUITests;
			productReference = 047E59A2224FC5990016AF3D /* CoreDataAppUITests.xctest */;
			productType = "com.apple.product-type.bundle.ui-testing";
		};
/* End PBXNativeTarget section */

/* Begin PBXProject section */
		047E5978224FC5940016AF3D /* Project object */ = {
			isa = PBXProject;
			attributes = {
				LastSwiftUpdateCheck = 1000;
				LastUpgradeCheck = 1000;
				ORGANIZATIONNAME = MAC;
				TargetAttributes = {
					047E597F224FC5940016AF3D = {
						CreatedOnToolsVersion = 10.0;
					};
					047E5996224FC5990016AF3D = {
						CreatedOnToolsVersion = 10.0;
						TestTargetID = 047E597F224FC5940016AF3D;
					};
					047E59A1224FC5990016AF3D = {
						CreatedOnToolsVersion = 10.0;
						TestTargetID = 047E597F224FC5940016AF3D;
					};
				};
			};
			buildConfigurationList = 047E597B224FC5940016AF3D /* Build configuration list for PBXProject "CoreDataApp" */;
			compatibilityVersion = "Xcode 9.3";
			developmentRegion = en;
			hasScannedForEncodings = 0;
			knownRegions = (
				en,
				Base,
			);
			mainGroup = 047E5977224FC5940016AF3D;
			productRefGroup = 047E5981224FC5940016AF3D /* Products */;
			projectDirPath = "";
			projectRoot = "";
			targets = (
				047E597F224FC5940016AF3D /* CoreDataApp */,
				047E5996224FC5990016AF3D /* CoreDataAppTests */,
				047E59A1224FC5990016AF3D /* CoreDataAppUITests */,
			);
		};
/* End PBXProject section */

/* Begin PBXResourcesBuildPhase section */
		047E597E224FC5940016AF3D /* Resources */ = {
			isa = PBXResourcesBuildPhase;
			buildActionMask = 2147483647;
			files = (
				047E5991224FC5990016AF3D /* LaunchScreen.storyboard in Resources */,
				047E598E224FC5990016AF3D /* Assets.xcassets in Resources */,
				047E5989224FC5940016AF3D /* Main.storyboard in Resources */,
			);
			runOnlyForDeploymentPostprocessing = 0;
		};
		047E5995224FC5990016AF3D /* Resources */ = {
			isa = PBXResourcesBuildPhase;
			buildActionMask = 2147483647;
			files = (
			);
			runOnlyForDeploymentPostprocessing = 0;
		};
		047E59A0224FC5990016AF3D /* Resources */ = {
			isa = PBXResourcesBuildPhase;
			buildActionMask = 2147483647;
			files = (
			);
			runOnlyForDeploymentPostprocessing = 0;
		};
/* End PBXResourcesBuildPhase section */

/* Begin PBXSourcesBuildPhase section */
		047E597C224FC5940016AF3D /* Sources */ = {
			isa = PBXSourcesBuildPhase;
			buildActionMask = 2147483647;
			files = (
				047E5986224FC5940016AF3D /* ViewController.swift in Sources */,
				047E59B5224FCF570016AF3D /* AddUpdateVC.swift in Sources */,
				047E598C224FC5940016AF3D /* CoreDataApp.xcdatamodeld in Sources */,
				047E5984224FC5940016AF3D /* AppDelegate.swift in Sources */,
			);
			runOnlyForDeploymentPostprocessing = 0;
		};
		047E5993224FC5990016AF3D /* Sources */ = {
			isa = PBXSourcesBuildPhase;
			buildActionMask = 2147483647;
			files = (
				047E599C224FC5990016AF3D /* CoreDataAppTests.swift in Sources */,
			);
			runOnlyForDeploymentPostprocessing = 0;
		};
		047E599E224FC5990016AF3D /* Sources */ = {
			isa = PBXSourcesBuildPhase;
			buildActionMask = 2147483647;
			files = (
				047E59A7224FC5990016AF3D /* CoreDataAppUITests.swift in Sources */,
			);
			runOnlyForDeploymentPostprocessing = 0;
		};
/* End PBXSourcesBuildPhase section */

/* Begin PBXTargetDependency section */
		047E5999224FC5990016AF3D /* PBXTargetDependency */ = {
			isa = PBXTargetDependency;
			target = 047E597F224FC5940016AF3D /* CoreDataApp */;
			targetProxy = 047E5998224FC5990016AF3D /* PBXContainerItemProxy */;
		};
		047E59A4224FC5990016AF3D /* PBXTargetDependency */ = {
			isa = PBXTargetDependency;
			target = 047E597F224FC5940016AF3D /* CoreDataApp */;
			targetProxy = 047E59A3224FC5990016AF3D /* PBXContainerItemProxy */;
		};
/* End PBXTargetDependency section */

/* Begin PBXVariantGroup section */
		047E5987224FC5940016AF3D /* Main.storyboard */ = {
			isa = PBXVariantGroup;
			children = (
				047E5988224FC5940016AF3D /* Base */,
			);
			name = Main.storyboard;
			sourceTree = "<group>";
		};
		047E598F224FC5990016AF3D /* LaunchScreen.storyboard */ = {
			isa = PBXVariantGroup;
			children = (
				047E5990224FC5990016AF3D /* Base */,
			);
			name = LaunchScreen.storyboard;
			sourceTree = "<group>";
		};
/* End PBXVariantGroup section */

/* Begin XCBuildConfiguration section */
		047E59A9224FC5990016AF3D /* Debug */ = {
			isa = XCBuildConfiguration;
			buildSettings = {
				ALWAYS_SEARCH_USER_PATHS = NO;
				CLANG_ANALYZER_NONNULL = YES;
				CLANG_ANALYZER_NUMBER_OBJECT_CONVERSION = YES_AGGRESSIVE;
				CLANG_CXX_LANGUAGE_STANDARD = "gnu++14";
				CLANG_CXX_LIBRARY = "libc++";
				CLANG_ENABLE_MODULES = YES;
				CLANG_ENABLE_OBJC_ARC = YES;
				CLANG_ENABLE_OBJC_WEAK = YES;
				CLANG_WARN_BLOCK_CAPTURE_AUTORELEASING = YES;
				CLANG_WARN_BOOL_CONVERSION = YES;
				CLANG_WARN_COMMA = YES;
				CLANG_WARN_CONSTANT_CONVERSION = YES;
				CLANG_WARN_DEPRECATED_OBJC_IMPLEMENTATIONS = YES;
				CLANG_WARN_DIRECT_OBJC_ISA_USAGE = YES_ERROR;
				CLANG_WARN_DOCUMENTATION_COMMENTS = YES;
				CLANG_WARN_EMPTY_BODY = YES;
				CLANG_WARN_ENUM_CONVERSION = YES;
				CLANG_WARN_INFINITE_RECURSION = YES;
				CLANG_WARN_INT_CONVERSION = YES;
				CLANG_WARN_NON_LITERAL_NULL_CONVERSION = YES;
				CLANG_WARN_OBJC_IMPLICIT_RETAIN_SELF = YES;
				CLANG_WARN_OBJC_LITERAL_CONVERSION = YES;
				CLANG_WARN_OBJC_ROOT_CLASS = YES_ERROR;
				CLANG_WARN_RANGE_LOOP_ANALYSIS = YES;
				CLANG_WARN_STRICT_PROTOTYPES = YES;
				CLANG_WARN_SUSPICIOUS_MOVE = YES;
				CLANG_WARN_UNGUARDED_AVAILABILITY = YES_AGGRESSIVE;
				CLANG_WARN_UNREACHABLE_CODE = YES;
				CLANG_WARN__DUPLICATE_METHOD_MATCH = YES;
				CODE_SIGN_IDENTITY = "iPhone Developer";
				COPY_PHASE_STRIP = NO;
				DEBUG_INFORMATION_FORMAT = dwarf;
				ENABLE_STRICT_OBJC_MSGSEND = YES;
				ENABLE_TESTABILITY = YES;
				GCC_C_LANGUAGE_STANDARD = gnu11;
				GCC_DYNAMIC_NO_PIC = NO;
				GCC_NO_COMMON_BLOCKS = YES;
				GCC_OPTIMIZATION_LEVEL = 0;
				GCC_PREPROCESSOR_DEFINITIONS = (
					"DEBUG=1",
					"$(inherited)",
				);
				GCC_WARN_64_TO_32_BIT_CONVERSION = YES;
				GCC_WARN_ABOUT_RETURN_TYPE = YES_ERROR;
				GCC_WARN_UNDECLARED_SELECTOR = YES;
				GCC_WARN_UNINITIALIZED_AUTOS = YES_AGGRESSIVE;
				GCC_WARN_UNUSED_FUNCTION = YES;
				GCC_WARN_UNUSED_VARIABLE = YES;
				IPHONEOS_DEPLOYMENT_TARGET = 12.0;
				MTL_ENABLE_DEBUG_INFO = INCLUDE_SOURCE;
				MTL_FAST_MATH = YES;
				ONLY_ACTIVE_ARCH = YES;
				SDKROOT = iphoneos;
				SWIFT_ACTIVE_COMPILATION_CONDITIONS = DEBUG;
				SWIFT_OPTIMIZATION_LEVEL = "-Onone";
			};
			name = Debug;
		};
		047E59AA224FC5990016AF3D /* Release */ = {
			isa = XCBuildConfiguration;
			buildSettings = {
				ALWAYS_SEARCH_USER_PATHS = NO;
				CLANG_ANALYZER_NONNULL = YES;
				CLANG_ANALYZER_NUMBER_OBJECT_CONVERSION = YES_AGGRESSIVE;
				CLANG_CXX_LANGUAGE_STANDARD = "gnu++14";
				CLANG_CXX_LIBRARY = "libc++";
				CLANG_ENABLE_MODULES = YES;
				CLANG_ENABLE_OBJC_ARC = YES;
				CLANG_ENABLE_OBJC_WEAK = YES;
				CLANG_WARN_BLOCK_CAPTURE_AUTORELEASING = YES;
				CLANG_WARN_BOOL_CONVERSION = YES;
				CLANG_WARN_COMMA = YES;
				CLANG_WARN_CONSTANT_CONVERSION = YES;
				CLANG_WARN_DEPRECATED_OBJC_IMPLEMENTATIONS = YES;
				CLANG_WARN_DIRECT_OBJC_ISA_USAGE = YES_ERROR;
				CLANG_WARN_DOCUMENTATION_COMMENTS = YES;
				CLANG_WARN_EMPTY_BODY = YES;
				CLANG_WARN_ENUM_CONVERSION = YES;
				CLANG_WARN_INFINITE_RECURSION = YES;
				CLANG_WARN_INT_CONVERSION = YES;
				CLANG_WARN_NON_LITERAL_NULL_CONVERSION = YES;
				CLANG_WARN_OBJC_IMPLICIT_RETAIN_SELF = YES;
				CLANG_WARN_OBJC_LITERAL_CONVERSION = YES;
				CLANG_WARN_OBJC_ROOT_CLASS = YES_ERROR;
				CLANG_WARN_RANGE_LOOP_ANALYSIS = YES;
				CLANG_WARN_STRICT_PROTOTYPES = YES;
				CLANG_WARN_SUSPICIOUS_MOVE = YES;
				CLANG_WARN_UNGUARDED_AVAILABILITY = YES_AGGRESSIVE;
				CLANG_WARN_UNREACHABLE_CODE = YES;
				CLANG_WARN__DUPLICATE_METHOD_MATCH = YES;
				CODE_SIGN_IDENTITY = "iPhone Developer";
				COPY_PHASE_STRIP = NO;
				DEBUG_INFORMATION_FORMAT = "dwarf-with-dsym";
				ENABLE_NS_ASSERTIONS = NO;
				ENABLE_STRICT_OBJC_MSGSEND = YES;
				GCC_C_LANGUAGE_STANDARD = gnu11;
				GCC_NO_COMMON_BLOCKS = YES;
				GCC_WARN_64_TO_32_BIT_CONVERSION = YES;
				GCC_WARN_ABOUT_RETURN_TYPE = YES_ERROR;
				GCC_WARN_UNDECLARED_SELECTOR = YES;
				GCC_WARN_UNINITIALIZED_AUTOS = YES_AGGRESSIVE;
				GCC_WARN_UNUSED_FUNCTION = YES;
				GCC_WARN_UNUSED_VARIABLE = YES;
				IPHONEOS_DEPLOYMENT_TARGET = 12.0;
				MTL_ENABLE_DEBUG_INFO = NO;
				MTL_FAST_MATH = YES;
				SDKROOT = iphoneos;
				SWIFT_COMPILATION_MODE = wholemodule;
				SWIFT_OPTIMIZATION_LEVEL = "-O";
				VALIDATE_PRODUCT = YES;
			};
			name = Release;
		};
		047E59AC224FC5990016AF3D /* Debug */ = {
			isa = XCBuildConfiguration;
			buildSettings = {
				ASSETCATALOG_COMPILER_APPICON_NAME = AppIcon;
				CODE_SIGN_STYLE = Manual;
				DEVELOPMENT_TEAM = "";
				INFOPLIST_FILE = CoreDataApp/Info.plist;
				LD_RUNPATH_SEARCH_PATHS = (
					"$(inherited)",
					"@executable_path/Frameworks",
				);
				PRODUCT_BUNDLE_IDENTIFIER = Vyas.CoreDataApp;
				PRODUCT_NAME = "$(TARGET_NAME)";
				PROVISIONING_PROFILE_SPECIFIER = "";
				SWIFT_VERSION = 4.2;
				TARGETED_DEVICE_FAMILY = "1,2";
			};
			name = Debug;
		};
		047E59AD224FC5990016AF3D /* Release */ = {
			isa = XCBuildConfiguration;
			buildSettings = {
				ASSETCATALOG_COMPILER_APPICON_NAME = AppIcon;
				CODE_SIGN_STYLE = Manual;
				DEVELOPMENT_TEAM = "";
				INFOPLIST_FILE = CoreDataApp/Info.plist;
				LD_RUNPATH_SEARCH_PATHS = (
					"$(inherited)",
					"@executable_path/Frameworks",
				);
				PRODUCT_BUNDLE_IDENTIFIER = Vyas.CoreDataApp;
				PRODUCT_NAME = "$(TARGET_NAME)";
				PROVISIONING_PROFILE_SPECIFIER = "";
				SWIFT_VERSION = 4.2;
				TARGETED_DEVICE_FAMILY = "1,2";
			};
			name = Release;
		};
		047E59AF224FC5990016AF3D /* Debug */ = {
			isa = XCBuildConfiguration;
			buildSettings = {
				ALWAYS_EMBED_SWIFT_STANDARD_LIBRARIES = YES;
				BUNDLE_LOADER = "$(TEST_HOST)";
				CODE_SIGN_STYLE = Automatic;
				DEVELOPMENT_TEAM = L9MYP4A6CC;
				INFOPLIST_FILE = CoreDataAppTests/Info.plist;
				LD_RUNPATH_SEARCH_PATHS = (
					"$(inherited)",
					"@executable_path/Frameworks",
					"@loader_path/Frameworks",
				);
				PRODUCT_BUNDLE_IDENTIFIER = Vyas.CoreDataAppTests;
				PRODUCT_NAME = "$(TARGET_NAME)";
				SWIFT_VERSION = 4.2;
				TARGETED_DEVICE_FAMILY = "1,2";
				TEST_HOST = "$(BUILT_PRODUCTS_DIR)/CoreDataApp.app/CoreDataApp";
			};
			name = Debug;
		};
		047E59B0224FC5990016AF3D /* Release */ = {
			isa = XCBuildConfiguration;
			buildSettings = {
				ALWAYS_EMBED_SWIFT_STANDARD_LIBRARIES = YES;
				BUNDLE_LOADER = "$(TEST_HOST)";
				CODE_SIGN_STYLE = Automatic;
				DEVELOPMENT_TEAM = L9MYP4A6CC;
				INFOPLIST_FILE = CoreDataAppTests/Info.plist;
				LD_RUNPATH_SEARCH_PATHS = (
					"$(inherited)",
					"@executable_path/Frameworks",
					"@loader_path/Frameworks",
				);
				PRODUCT_BUNDLE_IDENTIFIER = Vyas.CoreDataAppTests;
				PRODUCT_NAME = "$(TARGET_NAME)";
				SWIFT_VERSION = 4.2;
				TARGETED_DEVICE_FAMILY = "1,2";
				TEST_HOST = "$(BUILT_PRODUCTS_DIR)/CoreDataApp.app/CoreDataApp";
			};
			name = Release;
		};
		047E59B2224FC5990016AF3D /* Debug */ = {
			isa = XCBuildConfiguration;
			buildSettings = {
				ALWAYS_EMBED_SWIFT_STANDARD_LIBRARIES = YES;
				CODE_SIGN_STYLE = Automatic;
				DEVELOPMENT_TEAM = L9MYP4A6CC;
				INFOPLIST_FILE = CoreDataAppUITests/Info.plist;
				LD_RUNPATH_SEARCH_PATHS = (
					"$(inherited)",
					"@executable_path/Frameworks",
					"@loader_path/Frameworks",
				);
				PRODUCT_BUNDLE_IDENTIFIER = Vyas.CoreDataAppUITests;
				PRODUCT_NAME = "$(TARGET_NAME)";
				SWIFT_VERSION = 4.2;
				TARGETED_DEVICE_FAMILY = "1,2";
				TEST_TARGET_NAME = CoreDataApp;
			};
			name = Debug;
		};
		047E59B3224FC5990016AF3D /* Release */ = {
			isa = XCBuildConfiguration;
			buildSettings = {
				ALWAYS_EMBED_SWIFT_STANDARD_LIBRARIES = YES;
				CODE_SIGN_STYLE = Automatic;
				DEVELOPMENT_TEAM = L9MYP4A6CC;
				INFOPLIST_FILE = CoreDataAppUITests/Info.plist;
				LD_RUNPATH_SEARCH_PATHS = (
					"$(inherited)",
					"@executable_path/Frameworks",
					"@loader_path/Frameworks",
				);
				PRODUCT_BUNDLE_IDENTIFIER = Vyas.CoreDataAppUITests;
				PRODUCT_NAME = "$(TARGET_NAME)";
				SWIFT_VERSION = 4.2;
				TARGETED_DEVICE_FAMILY = "1,2";
				TEST_TARGET_NAME = CoreDataApp;
			};
			name = Release;
		};
/* End XCBuildConfiguration section */

/* Begin XCConfigurationList section */
		047E597B224FC5940016AF3D /* Build configuration list for PBXProject "CoreDataApp" */ = {
			isa = XCConfigurationList;
			buildConfigurations = (
				047E59A9224FC5990016AF3D /* Debug */,
				047E59AA224FC5990016AF3D /* Release */,
			);
			defaultConfigurationIsVisible = 0;
			defaultConfigurationName = Release;
		};
		047E59AB224FC5990016AF3D /* Build configuration list for PBXNativeTarget "CoreDataApp" */ = {
			isa = XCConfigurationList;
			buildConfigurations = (
				047E59AC224FC5990016AF3D /* Debug */,
				047E59AD224FC5990016AF3D /* Release */,
			);
			defaultConfigurationIsVisible = 0;
			defaultConfigurationName = Release;
		};
		047E59AE224FC5990016AF3D /* Build configuration list for PBXNativeTarget "CoreDataAppTests" */ = {
			isa = XCConfigurationList;
			buildConfigurations = (
				047E59AF224FC5990016AF3D /* Debug */,
				047E59B0224FC5990016AF3D /* Release */,
			);
			defaultConfigurationIsVisible = 0;
			defaultConfigurationName = Release;
		};
		047E59B1224FC5990016AF3D /* Build configuration list for PBXNativeTarget "CoreDataAppUITests" */ = {
			isa = XCConfigurationList;
			buildConfigurations = (
				047E59B2224FC5990016AF3D /* Debug */,
				047E59B3224FC5990016AF3D /* Release */,
			);
			defaultConfigurationIsVisible = 0;
			defaultConfigurationName = Release;
		};
/* End XCConfigurationList section */

/* Begin XCVersionGroup section */
		047E598A224FC5940016AF3D /* CoreDataApp.xcdatamodeld */ = {
			isa = XCVersionGroup;
			children = (
				047E598B224FC5940016AF3D /* CoreDataApp.xcdatamodel */,
			);
			currentVersion = 047E598B224FC5940016AF3D /* CoreDataApp.xcdatamodel */;
			path = CoreDataApp.xcdatamodeld;
			sourceTree = "<group>";
			versionGroupType = wrapper.xcdatamodel;
		};
/* End XCVersionGroup section */
	};
	rootObject = 047E5978224FC5940016AF3D /* Project object */;
}
